// !$*UTF8*$!
{
	archiveVersion = 1;
	classes = {
	};
	objectVersion = 50;
	objects = {

/* Begin PBXBuildFile section */
		E43988CA267C8744004610EC /* UIFont+PreferredFontWeight.swift in Sources */ = {isa = PBXBuildFile; fileRef = E43988C9267C8744004610EC /* UIFont+PreferredFontWeight.swift */; };
		E44066BB266F2479007C8753 /* AppDelegate.swift in Sources */ = {isa = PBXBuildFile; fileRef = E44066BA266F2479007C8753 /* AppDelegate.swift */; };
		E44066BD266F2479007C8753 /* SceneDelegate.swift in Sources */ = {isa = PBXBuildFile; fileRef = E44066BC266F2479007C8753 /* SceneDelegate.swift */; };
		E44066BF266F2479007C8753 /* LoginViewController.swift in Sources */ = {isa = PBXBuildFile; fileRef = E44066BE266F2479007C8753 /* LoginViewController.swift */; };
		E44066C2266F2479007C8753 /* Main.storyboard in Resources */ = {isa = PBXBuildFile; fileRef = E44066C0266F2479007C8753 /* Main.storyboard */; };
		E44066C4266F247B007C8753 /* Assets.xcassets in Resources */ = {isa = PBXBuildFile; fileRef = E44066C3266F247B007C8753 /* Assets.xcassets */; };
		E44066C7266F247B007C8753 /* LaunchScreen.storyboard in Resources */ = {isa = PBXBuildFile; fileRef = E44066C5266F247B007C8753 /* LaunchScreen.storyboard */; };
		E483FDEA26709C390036DE49 /* IssuesViewController.swift in Sources */ = {isa = PBXBuildFile; fileRef = E483FDE926709C390036DE49 /* IssuesViewController.swift */; };
		E483FDF32671D8880036DE49 /* IssueTableViewCell.swift in Sources */ = {isa = PBXBuildFile; fileRef = E483FDF12671D8880036DE49 /* IssueTableViewCell.swift */; };
		E483FDF42671D8880036DE49 /* IssueTableViewCell.xib in Resources */ = {isa = PBXBuildFile; fileRef = E483FDF22671D8880036DE49 /* IssueTableViewCell.xib */; };
		E483FDF82671F8990036DE49 /* IssueTableViewFooterView.swift in Sources */ = {isa = PBXBuildFile; fileRef = E483FDF72671F8990036DE49 /* IssueTableViewFooterView.swift */; };
		E483FE042674964D0036DE49 /* LoginQueryParameters.swift in Sources */ = {isa = PBXBuildFile; fileRef = E483FE032674964D0036DE49 /* LoginQueryParameters.swift */; };
		E483FE06267498540036DE49 /* Endpoint.swift in Sources */ = {isa = PBXBuildFile; fileRef = E483FE05267498540036DE49 /* Endpoint.swift */; };
		E483FE10267866900036DE49 /* DataTransferService.swift in Sources */ = {isa = PBXBuildFile; fileRef = E483FE0F267866900036DE49 /* DataTransferService.swift */; };
		E483FE12267866B00036DE49 /* NetworkService.swift in Sources */ = {isa = PBXBuildFile; fileRef = E483FE11267866B00036DE49 /* NetworkService.swift */; };
		E483FE14267867DD0036DE49 /* LoginViewModel.swift in Sources */ = {isa = PBXBuildFile; fileRef = E483FE13267867DD0036DE49 /* LoginViewModel.swift */; };
		E483FE1626787A2B0036DE49 /* User.swift in Sources */ = {isa = PBXBuildFile; fileRef = E483FE1526787A2B0036DE49 /* User.swift */; };
		E483FE1A267992C50036DE49 /* LandingTabBarController.swift in Sources */ = {isa = PBXBuildFile; fileRef = E483FE19267992C50036DE49 /* LandingTabBarController.swift */; };
		E483FE1C267994480036DE49 /* UIImage+CircleCropping.swift in Sources */ = {isa = PBXBuildFile; fileRef = E483FE1B267994480036DE49 /* UIImage+CircleCropping.swift */; };
		E483FE272679D57B0036DE49 /* IssuesMockJSON.swift in Sources */ = {isa = PBXBuildFile; fileRef = E483FE262679D57B0036DE49 /* IssuesMockJSON.swift */; };
		E483FE292679D75C0036DE49 /* Issue.swift in Sources */ = {isa = PBXBuildFile; fileRef = E483FE282679D75C0036DE49 /* Issue.swift */; };
		E483FE2F2679E50D0036DE49 /* IssuesViewModel.swift in Sources */ = {isa = PBXBuildFile; fileRef = E483FE2E2679E50C0036DE49 /* IssuesViewModel.swift */; };
		E483FE312679E5310036DE49 /* IssueViewModel.swift in Sources */ = {isa = PBXBuildFile; fileRef = E483FE302679E5310036DE49 /* IssueViewModel.swift */; };
		E483FE332679E6EF0036DE49 /* FilterSelectionTableViewController.swift in Sources */ = {isa = PBXBuildFile; fileRef = E483FE322679E6EF0036DE49 /* FilterSelectionTableViewController.swift */; };
		E483FE35267A1C450036DE49 /* FilterSelectionViewModel.swift in Sources */ = {isa = PBXBuildFile; fileRef = E483FE34267A1C450036DE49 /* FilterSelectionViewModel.swift */; };
/* End PBXBuildFile section */

/* Begin PBXFileReference section */
		E43988C9267C8744004610EC /* UIFont+PreferredFontWeight.swift */ = {isa = PBXFileReference; lastKnownFileType = sourcecode.swift; path = "UIFont+PreferredFontWeight.swift"; sourceTree = "<group>"; };
		E44066B7266F2479007C8753 /* IssueTrackerApp.app */ = {isa = PBXFileReference; explicitFileType = wrapper.application; includeInIndex = 0; path = IssueTrackerApp.app; sourceTree = BUILT_PRODUCTS_DIR; };
		E44066BA266F2479007C8753 /* AppDelegate.swift */ = {isa = PBXFileReference; lastKnownFileType = sourcecode.swift; path = AppDelegate.swift; sourceTree = "<group>"; };
		E44066BC266F2479007C8753 /* SceneDelegate.swift */ = {isa = PBXFileReference; lastKnownFileType = sourcecode.swift; path = SceneDelegate.swift; sourceTree = "<group>"; };
		E44066BE266F2479007C8753 /* LoginViewController.swift */ = {isa = PBXFileReference; lastKnownFileType = sourcecode.swift; path = LoginViewController.swift; sourceTree = "<group>"; };
		E44066C1266F2479007C8753 /* Base */ = {isa = PBXFileReference; lastKnownFileType = file.storyboard; name = Base; path = Base.lproj/Main.storyboard; sourceTree = "<group>"; };
		E44066C3266F247B007C8753 /* Assets.xcassets */ = {isa = PBXFileReference; lastKnownFileType = folder.assetcatalog; path = Assets.xcassets; sourceTree = "<group>"; };
		E44066C6266F247B007C8753 /* Base */ = {isa = PBXFileReference; lastKnownFileType = file.storyboard; name = Base; path = Base.lproj/LaunchScreen.storyboard; sourceTree = "<group>"; };
		E44066C8266F247B007C8753 /* Info.plist */ = {isa = PBXFileReference; lastKnownFileType = text.plist.xml; path = Info.plist; sourceTree = "<group>"; };
		E483FDE926709C390036DE49 /* IssuesViewController.swift */ = {isa = PBXFileReference; lastKnownFileType = sourcecode.swift; path = IssuesViewController.swift; sourceTree = "<group>"; };
		E483FDF12671D8880036DE49 /* IssueTableViewCell.swift */ = {isa = PBXFileReference; lastKnownFileType = sourcecode.swift; path = IssueTableViewCell.swift; sourceTree = "<group>"; };
		E483FDF22671D8880036DE49 /* IssueTableViewCell.xib */ = {isa = PBXFileReference; lastKnownFileType = file.xib; path = IssueTableViewCell.xib; sourceTree = "<group>"; };
		E483FDF72671F8990036DE49 /* IssueTableViewFooterView.swift */ = {isa = PBXFileReference; lastKnownFileType = sourcecode.swift; path = IssueTableViewFooterView.swift; sourceTree = "<group>"; };
		E483FE032674964D0036DE49 /* LoginQueryParameters.swift */ = {isa = PBXFileReference; lastKnownFileType = sourcecode.swift; path = LoginQueryParameters.swift; sourceTree = "<group>"; };
		E483FE05267498540036DE49 /* Endpoint.swift */ = {isa = PBXFileReference; lastKnownFileType = sourcecode.swift; path = Endpoint.swift; sourceTree = "<group>"; };
		E483FE0F267866900036DE49 /* DataTransferService.swift */ = {isa = PBXFileReference; lastKnownFileType = sourcecode.swift; path = DataTransferService.swift; sourceTree = "<group>"; };
		E483FE11267866B00036DE49 /* NetworkService.swift */ = {isa = PBXFileReference; lastKnownFileType = sourcecode.swift; path = NetworkService.swift; sourceTree = "<group>"; };
		E483FE13267867DD0036DE49 /* LoginViewModel.swift */ = {isa = PBXFileReference; lastKnownFileType = sourcecode.swift; path = LoginViewModel.swift; sourceTree = "<group>"; };
		E483FE1526787A2B0036DE49 /* User.swift */ = {isa = PBXFileReference; lastKnownFileType = sourcecode.swift; path = User.swift; sourceTree = "<group>"; };
		E483FE19267992C50036DE49 /* LandingTabBarController.swift */ = {isa = PBXFileReference; lastKnownFileType = sourcecode.swift; path = LandingTabBarController.swift; sourceTree = "<group>"; };
		E483FE1B267994480036DE49 /* UIImage+CircleCropping.swift */ = {isa = PBXFileReference; lastKnownFileType = sourcecode.swift; path = "UIImage+CircleCropping.swift"; sourceTree = "<group>"; };
		E483FE262679D57B0036DE49 /* IssuesMockJSON.swift */ = {isa = PBXFileReference; lastKnownFileType = sourcecode.swift; path = IssuesMockJSON.swift; sourceTree = "<group>"; };
		E483FE282679D75C0036DE49 /* Issue.swift */ = {isa = PBXFileReference; lastKnownFileType = sourcecode.swift; path = Issue.swift; sourceTree = "<group>"; };
		E483FE2E2679E50C0036DE49 /* IssuesViewModel.swift */ = {isa = PBXFileReference; lastKnownFileType = sourcecode.swift; path = IssuesViewModel.swift; sourceTree = "<group>"; };
		E483FE302679E5310036DE49 /* IssueViewModel.swift */ = {isa = PBXFileReference; lastKnownFileType = sourcecode.swift; path = IssueViewModel.swift; sourceTree = "<group>"; };
		E483FE322679E6EF0036DE49 /* FilterSelectionTableViewController.swift */ = {isa = PBXFileReference; lastKnownFileType = sourcecode.swift; path = FilterSelectionTableViewController.swift; sourceTree = "<group>"; };
		E483FE34267A1C450036DE49 /* FilterSelectionViewModel.swift */ = {isa = PBXFileReference; lastKnownFileType = sourcecode.swift; path = FilterSelectionViewModel.swift; sourceTree = "<group>"; };
/* End PBXFileReference section */

/* Begin PBXFrameworksBuildPhase section */
		E44066B4266F2479007C8753 /* Frameworks */ = {
			isa = PBXFrameworksBuildPhase;
			buildActionMask = 2147483647;
			files = (
			);
			runOnlyForDeploymentPostprocessing = 0;
		};
/* End PBXFrameworksBuildPhase section */

/* Begin PBXGroup section */
		E44066AE266F2479007C8753 = {
			isa = PBXGroup;
			children = (
				E44066B9266F2479007C8753 /* IssueTrackerApp */,
				E44066B8266F2479007C8753 /* Products */,
			);
			sourceTree = "<group>";
		};
		E44066B8266F2479007C8753 /* Products */ = {
			isa = PBXGroup;
			children = (
				E44066B7266F2479007C8753 /* IssueTrackerApp.app */,
			);
			name = Products;
			sourceTree = "<group>";
		};
		E44066B9266F2479007C8753 /* IssueTrackerApp */ = {
			isa = PBXGroup;
			children = (
				E483FE1D2679BA1E0036DE49 /* Application */,
				E483FE1E2679BA390036DE49 /* Presentation */,
				E483FE1F2679BA4D0036DE49 /* Domain */,
				E483FE202679BA6A0036DE49 /* Network */,
				E44066C0266F2479007C8753 /* Main.storyboard */,
				E43988C9267C8744004610EC /* UIFont+PreferredFontWeight.swift */,
				E483FE262679D57B0036DE49 /* IssuesMockJSON.swift */,
				E4C4E002267099860039807B /* Supporting Files */,
			);
			path = IssueTrackerApp;
			sourceTree = "<group>";
		};
		E483FE1D2679BA1E0036DE49 /* Application */ = {
			isa = PBXGroup;
			children = (
				E44066BA266F2479007C8753 /* AppDelegate.swift */,
				E44066BC266F2479007C8753 /* SceneDelegate.swift */,
			);
			path = Application;
			sourceTree = "<group>";
		};
		E483FE1E2679BA390036DE49 /* Presentation */ = {
			isa = PBXGroup;
			children = (
				E483FE232679BAE50036DE49 /* Login */,
				E483FE19267992C50036DE49 /* LandingTabBarController.swift */,
				E483FE242679BAFE0036DE49 /* Issues */,
				E483FE222679BAC10036DE49 /* Extensions */,
			);
			path = Presentation;
			sourceTree = "<group>";
		};
		E483FE1F2679BA4D0036DE49 /* Domain */ = {
			isa = PBXGroup;
			children = (
				E483FE212679BA7E0036DE49 /* Entities */,
			);
			path = Domain;
			sourceTree = "<group>";
		};
		E483FE202679BA6A0036DE49 /* Network */ = {
			isa = PBXGroup;
			children = (
				E483FE0F267866900036DE49 /* DataTransferService.swift */,
				E483FE11267866B00036DE49 /* NetworkService.swift */,
				E483FE05267498540036DE49 /* Endpoint.swift */,
			);
			path = Network;
			sourceTree = "<group>";
		};
		E483FE212679BA7E0036DE49 /* Entities */ = {
			isa = PBXGroup;
			children = (
				E483FE032674964D0036DE49 /* LoginQueryParameters.swift */,
				E483FE1526787A2B0036DE49 /* User.swift */,
				E483FE282679D75C0036DE49 /* Issue.swift */,
			);
			path = Entities;
			sourceTree = "<group>";
		};
		E483FE222679BAC10036DE49 /* Extensions */ = {
			isa = PBXGroup;
			children = (
				E483FE1B267994480036DE49 /* UIImage+CircleCropping.swift */,
			);
			path = Extensions;
			sourceTree = "<group>";
		};
		E483FE232679BAE50036DE49 /* Login */ = {
			isa = PBXGroup;
			children = (
				E483FE13267867DD0036DE49 /* LoginViewModel.swift */,
				E44066BE266F2479007C8753 /* LoginViewController.swift */,
			);
			path = Login;
			sourceTree = "<group>";
		};
		E483FE242679BAFE0036DE49 /* Issues */ = {
			isa = PBXGroup;
			children = (
				E483FE2E2679E50C0036DE49 /* IssuesViewModel.swift */,
				E483FE302679E5310036DE49 /* IssueViewModel.swift */,
				E483FDE926709C390036DE49 /* IssuesViewController.swift */,
				E483FE34267A1C450036DE49 /* FilterSelectionViewModel.swift */,
				E483FE322679E6EF0036DE49 /* FilterSelectionTableViewController.swift */,
				E483FE252679BB190036DE49 /* Cells */,
			);
			path = Issues;
			sourceTree = "<group>";
		};
		E483FE252679BB190036DE49 /* Cells */ = {
			isa = PBXGroup;
			children = (
				E483FDF12671D8880036DE49 /* IssueTableViewCell.swift */,
				E483FDF22671D8880036DE49 /* IssueTableViewCell.xib */,
				E483FDF72671F8990036DE49 /* IssueTableViewFooterView.swift */,
			);
			path = Cells;
			sourceTree = "<group>";
		};
		E4C4E002267099860039807B /* Supporting Files */ = {
			isa = PBXGroup;
			children = (
				E44066C3266F247B007C8753 /* Assets.xcassets */,
				E44066C5266F247B007C8753 /* LaunchScreen.storyboard */,
				E44066C8266F247B007C8753 /* Info.plist */,
			);
			path = "Supporting Files";
			sourceTree = "<group>";
		};
/* End PBXGroup section */

/* Begin PBXNativeTarget section */
		E44066B6266F2479007C8753 /* IssueTrackerApp */ = {
			isa = PBXNativeTarget;
			buildConfigurationList = E44066CB266F247B007C8753 /* Build configuration list for PBXNativeTarget "IssueTrackerApp" */;
			buildPhases = (
				E44066B3266F2479007C8753 /* Sources */,
				E44066B4266F2479007C8753 /* Frameworks */,
				E44066B5266F2479007C8753 /* Resources */,
				E44066CE266F254F007C8753 /* ShellScript */,
			);
			buildRules = (
			);
			dependencies = (
			);
			name = IssueTrackerApp;
			productName = IssueTrackerApp;
			productReference = E44066B7266F2479007C8753 /* IssueTrackerApp.app */;
			productType = "com.apple.product-type.application";
		};
/* End PBXNativeTarget section */

/* Begin PBXProject section */
		E44066AF266F2479007C8753 /* Project object */ = {
			isa = PBXProject;
			attributes = {
				LastSwiftUpdateCheck = 1250;
				LastUpgradeCheck = 1250;
				TargetAttributes = {
					E44066B6266F2479007C8753 = {
						CreatedOnToolsVersion = 12.5;
					};
				};
			};
			buildConfigurationList = E44066B2266F2479007C8753 /* Build configuration list for PBXProject "IssueTrackerApp" */;
			compatibilityVersion = "Xcode 9.3";
			developmentRegion = en;
			hasScannedForEncodings = 0;
			knownRegions = (
				en,
				Base,
			);
			mainGroup = E44066AE266F2479007C8753;
			productRefGroup = E44066B8266F2479007C8753 /* Products */;
			projectDirPath = "";
			projectRoot = "";
			targets = (
				E44066B6266F2479007C8753 /* IssueTrackerApp */,
			);
		};
/* End PBXProject section */

/* Begin PBXResourcesBuildPhase section */
		E44066B5266F2479007C8753 /* Resources */ = {
			isa = PBXResourcesBuildPhase;
			buildActionMask = 2147483647;
			files = (
				E483FDF42671D8880036DE49 /* IssueTableViewCell.xib in Resources */,
				E44066C7266F247B007C8753 /* LaunchScreen.storyboard in Resources */,
				E44066C4266F247B007C8753 /* Assets.xcassets in Resources */,
				E44066C2266F2479007C8753 /* Main.storyboard in Resources */,
			);
			runOnlyForDeploymentPostprocessing = 0;
		};
/* End PBXResourcesBuildPhase section */

/* Begin PBXShellScriptBuildPhase section */
		E44066CE266F254F007C8753 /* ShellScript */ = {
			isa = PBXShellScriptBuildPhase;
			buildActionMask = 2147483647;
			files = (
			);
			inputFileListPaths = (
			);
			inputPaths = (
			);
			outputFileListPaths = (
			);
			outputPaths = (
			);
			runOnlyForDeploymentPostprocessing = 0;
			shellPath = /bin/sh;
			shellScript = "if which swiftlint >/dev/null; then\n  swiftlint\nelse\n  echo \"warning: SwiftLint not installed, download from https://github.com/realm/SwiftLint\"\nfi\n";
		};
/* End PBXShellScriptBuildPhase section */

/* Begin PBXSourcesBuildPhase section */
		E44066B3266F2479007C8753 /* Sources */ = {
			isa = PBXSourcesBuildPhase;
			buildActionMask = 2147483647;
			files = (
				E483FE12267866B00036DE49 /* NetworkService.swift in Sources */,
				E483FE332679E6EF0036DE49 /* FilterSelectionTableViewController.swift in Sources */,
				E483FE10267866900036DE49 /* DataTransferService.swift in Sources */,
				E483FE14267867DD0036DE49 /* LoginViewModel.swift in Sources */,
				E483FDEA26709C390036DE49 /* IssuesViewController.swift in Sources */,
				E483FE312679E5310036DE49 /* IssueViewModel.swift in Sources */,
				E483FDF82671F8990036DE49 /* IssueTableViewFooterView.swift in Sources */,
				E483FE1C267994480036DE49 /* UIImage+CircleCropping.swift in Sources */,
				E483FE06267498540036DE49 /* Endpoint.swift in Sources */,
				E483FE272679D57B0036DE49 /* IssuesMockJSON.swift in Sources */,
				E483FE042674964D0036DE49 /* LoginQueryParameters.swift in Sources */,
				E44066BF266F2479007C8753 /* LoginViewController.swift in Sources */,
				E483FE1626787A2B0036DE49 /* User.swift in Sources */,
				E483FDF32671D8880036DE49 /* IssueTableViewCell.swift in Sources */,
				E44066BB266F2479007C8753 /* AppDelegate.swift in Sources */,
				E44066BD266F2479007C8753 /* SceneDelegate.swift in Sources */,
				E483FE2F2679E50D0036DE49 /* IssuesViewModel.swift in Sources */,
				E43988CA267C8744004610EC /* UIFont+PreferredFontWeight.swift in Sources */,
				E483FE35267A1C450036DE49 /* FilterSelectionViewModel.swift in Sources */,
				E483FE1A267992C50036DE49 /* LandingTabBarController.swift in Sources */,
				E483FE292679D75C0036DE49 /* Issue.swift in Sources */,
			);
			runOnlyForDeploymentPostprocessing = 0;
		};
/* End PBXSourcesBuildPhase section */

/* Begin PBXVariantGroup section */
		E44066C0266F2479007C8753 /* Main.storyboard */ = {
			isa = PBXVariantGroup;
			children = (
				E44066C1266F2479007C8753 /* Base */,
			);
			name = Main.storyboard;
			sourceTree = "<group>";
		};
		E44066C5266F247B007C8753 /* LaunchScreen.storyboard */ = {
			isa = PBXVariantGroup;
			children = (
				E44066C6266F247B007C8753 /* Base */,
			);
			name = LaunchScreen.storyboard;
			sourceTree = "<group>";
		};
/* End PBXVariantGroup section */

/* Begin XCBuildConfiguration section */
		E44066C9266F247B007C8753 /* Debug */ = {
			isa = XCBuildConfiguration;
			buildSettings = {
				ALWAYS_SEARCH_USER_PATHS = NO;
				CLANG_ANALYZER_NONNULL = YES;
				CLANG_ANALYZER_NUMBER_OBJECT_CONVERSION = YES_AGGRESSIVE;
				CLANG_CXX_LANGUAGE_STANDARD = "gnu++14";
				CLANG_CXX_LIBRARY = "libc++";
				CLANG_ENABLE_MODULES = YES;
				CLANG_ENABLE_OBJC_ARC = YES;
				CLANG_ENABLE_OBJC_WEAK = YES;
				CLANG_WARN_BLOCK_CAPTURE_AUTORELEASING = YES;
				CLANG_WARN_BOOL_CONVERSION = YES;
				CLANG_WARN_COMMA = YES;
				CLANG_WARN_CONSTANT_CONVERSION = YES;
				CLANG_WARN_DEPRECATED_OBJC_IMPLEMENTATIONS = YES;
				CLANG_WARN_DIRECT_OBJC_ISA_USAGE = YES_ERROR;
				CLANG_WARN_DOCUMENTATION_COMMENTS = YES;
				CLANG_WARN_EMPTY_BODY = YES;
				CLANG_WARN_ENUM_CONVERSION = YES;
				CLANG_WARN_INFINITE_RECURSION = YES;
				CLANG_WARN_INT_CONVERSION = YES;
				CLANG_WARN_NON_LITERAL_NULL_CONVERSION = YES;
				CLANG_WARN_OBJC_IMPLICIT_RETAIN_SELF = YES;
				CLANG_WARN_OBJC_LITERAL_CONVERSION = YES;
				CLANG_WARN_OBJC_ROOT_CLASS = YES_ERROR;
				CLANG_WARN_QUOTED_INCLUDE_IN_FRAMEWORK_HEADER = YES;
				CLANG_WARN_RANGE_LOOP_ANALYSIS = YES;
				CLANG_WARN_STRICT_PROTOTYPES = YES;
				CLANG_WARN_SUSPICIOUS_MOVE = YES;
				CLANG_WARN_UNGUARDED_AVAILABILITY = YES_AGGRESSIVE;
				CLANG_WARN_UNREACHABLE_CODE = YES;
				CLANG_WARN__DUPLICATE_METHOD_MATCH = YES;
				COPY_PHASE_STRIP = NO;
				DEBUG_INFORMATION_FORMAT = dwarf;
				ENABLE_STRICT_OBJC_MSGSEND = YES;
				ENABLE_TESTABILITY = YES;
				GCC_C_LANGUAGE_STANDARD = gnu11;
				GCC_DYNAMIC_NO_PIC = NO;
				GCC_NO_COMMON_BLOCKS = YES;
				GCC_OPTIMIZATION_LEVEL = 0;
				GCC_PREPROCESSOR_DEFINITIONS = (
					"DEBUG=1",
					"$(inherited)",
				);
				GCC_WARN_64_TO_32_BIT_CONVERSION = YES;
				GCC_WARN_ABOUT_RETURN_TYPE = YES_ERROR;
				GCC_WARN_UNDECLARED_SELECTOR = YES;
				GCC_WARN_UNINITIALIZED_AUTOS = YES_AGGRESSIVE;
				GCC_WARN_UNUSED_FUNCTION = YES;
				GCC_WARN_UNUSED_VARIABLE = YES;
				IPHONEOS_DEPLOYMENT_TARGET = 14.5;
				MTL_ENABLE_DEBUG_INFO = INCLUDE_SOURCE;
				MTL_FAST_MATH = YES;
				ONLY_ACTIVE_ARCH = YES;
				SDKROOT = iphoneos;
				SWIFT_ACTIVE_COMPILATION_CONDITIONS = DEBUG;
				SWIFT_OPTIMIZATION_LEVEL = "-Onone";
			};
			name = Debug;
		};
		E44066CA266F247B007C8753 /* Release */ = {
			isa = XCBuildConfiguration;
			buildSettings = {
				ALWAYS_SEARCH_USER_PATHS = NO;
				CLANG_ANALYZER_NONNULL = YES;
				CLANG_ANALYZER_NUMBER_OBJECT_CONVERSION = YES_AGGRESSIVE;
				CLANG_CXX_LANGUAGE_STANDARD = "gnu++14";
				CLANG_CXX_LIBRARY = "libc++";
				CLANG_ENABLE_MODULES = YES;
				CLANG_ENABLE_OBJC_ARC = YES;
				CLANG_ENABLE_OBJC_WEAK = YES;
				CLANG_WARN_BLOCK_CAPTURE_AUTORELEASING = YES;
				CLANG_WARN_BOOL_CONVERSION = YES;
				CLANG_WARN_COMMA = YES;
				CLANG_WARN_CONSTANT_CONVERSION = YES;
				CLANG_WARN_DEPRECATED_OBJC_IMPLEMENTATIONS = YES;
				CLANG_WARN_DIRECT_OBJC_ISA_USAGE = YES_ERROR;
				CLANG_WARN_DOCUMENTATION_COMMENTS = YES;
				CLANG_WARN_EMPTY_BODY = YES;
				CLANG_WARN_ENUM_CONVERSION = YES;
				CLANG_WARN_INFINITE_RECURSION = YES;
				CLANG_WARN_INT_CONVERSION = YES;
				CLANG_WARN_NON_LITERAL_NULL_CONVERSION = YES;
				CLANG_WARN_OBJC_IMPLICIT_RETAIN_SELF = YES;
				CLANG_WARN_OBJC_LITERAL_CONVERSION = YES;
				CLANG_WARN_OBJC_ROOT_CLASS = YES_ERROR;
				CLANG_WARN_QUOTED_INCLUDE_IN_FRAMEWORK_HEADER = YES;
				CLANG_WARN_RANGE_LOOP_ANALYSIS = YES;
				CLANG_WARN_STRICT_PROTOTYPES = YES;
				CLANG_WARN_SUSPICIOUS_MOVE = YES;
				CLANG_WARN_UNGUARDED_AVAILABILITY = YES_AGGRESSIVE;
				CLANG_WARN_UNREACHABLE_CODE = YES;
				CLANG_WARN__DUPLICATE_METHOD_MATCH = YES;
				COPY_PHASE_STRIP = NO;
				DEBUG_INFORMATION_FORMAT = "dwarf-with-dsym";
				ENABLE_NS_ASSERTIONS = NO;
				ENABLE_STRICT_OBJC_MSGSEND = YES;
				GCC_C_LANGUAGE_STANDARD = gnu11;
				GCC_NO_COMMON_BLOCKS = YES;
				GCC_WARN_64_TO_32_BIT_CONVERSION = YES;
				GCC_WARN_ABOUT_RETURN_TYPE = YES_ERROR;
				GCC_WARN_UNDECLARED_SELECTOR = YES;
				GCC_WARN_UNINITIALIZED_AUTOS = YES_AGGRESSIVE;
				GCC_WARN_UNUSED_FUNCTION = YES;
				GCC_WARN_UNUSED_VARIABLE = YES;
				IPHONEOS_DEPLOYMENT_TARGET = 14.5;
				MTL_ENABLE_DEBUG_INFO = NO;
				MTL_FAST_MATH = YES;
				SDKROOT = iphoneos;
				SWIFT_COMPILATION_MODE = wholemodule;
				SWIFT_OPTIMIZATION_LEVEL = "-O";
				VALIDATE_PRODUCT = YES;
			};
			name = Release;
		};
		E44066CC266F247B007C8753 /* Debug */ = {
			isa = XCBuildConfiguration;
			buildSettings = {
				ASSETCATALOG_COMPILER_APPICON_NAME = AppIcon;
				ASSETCATALOG_COMPILER_GLOBAL_ACCENT_COLOR_NAME = AccentColor;
				CODE_SIGN_STYLE = Automatic;
				DEVELOPMENT_TEAM = B3PWYBKFUK;
				INFOPLIST_FILE = "$(SRCROOT)/IssueTrackerApp/Supporting Files/Info.plist";
				LD_RUNPATH_SEARCH_PATHS = (
					"$(inherited)",
					"@executable_path/Frameworks",
				);
				PRODUCT_BUNDLE_IDENTIFIER = com.song.IssueTrackerApp;
				PRODUCT_NAME = "$(TARGET_NAME)";
				SWIFT_VERSION = 5.0;
				TARGETED_DEVICE_FAMILY = "1,2";
			};
			name = Debug;
		};
		E44066CD266F247B007C8753 /* Release */ = {
			isa = XCBuildConfiguration;
			buildSettings = {
				ASSETCATALOG_COMPILER_APPICON_NAME = AppIcon;
				ASSETCATALOG_COMPILER_GLOBAL_ACCENT_COLOR_NAME = AccentColor;
				CODE_SIGN_STYLE = Automatic;
				DEVELOPMENT_TEAM = B3PWYBKFUK;
				INFOPLIST_FILE = "$(SRCROOT)/IssueTrackerApp/Supporting Files/Info.plist";
				LD_RUNPATH_SEARCH_PATHS = (
					"$(inherited)",
					"@executable_path/Frameworks",
				);
				PRODUCT_BUNDLE_IDENTIFIER = com.song.IssueTrackerApp;
				PRODUCT_NAME = "$(TARGET_NAME)";
				SWIFT_VERSION = 5.0;
				TARGETED_DEVICE_FAMILY = "1,2";
			};
			name = Release;
		};
/* End XCBuildConfiguration section */

/* Begin XCConfigurationList section */
		E44066B2266F2479007C8753 /* Build configuration list for PBXProject "IssueTrackerApp" */ = {
			isa = XCConfigurationList;
			buildConfigurations = (
				E44066C9266F247B007C8753 /* Debug */,
				E44066CA266F247B007C8753 /* Release */,
			);
			defaultConfigurationIsVisible = 0;
			defaultConfigurationName = Release;
		};
		E44066CB266F247B007C8753 /* Build configuration list for PBXNativeTarget "IssueTrackerApp" */ = {
			isa = XCConfigurationList;
			buildConfigurations = (
				E44066CC266F247B007C8753 /* Debug */,
				E44066CD266F247B007C8753 /* Release */,
			);
			defaultConfigurationIsVisible = 0;
			defaultConfigurationName = Release;
		};
/* End XCConfigurationList section */
	};
	rootObject = E44066AF266F2479007C8753 /* Project object */;
}
